
Microsoft Visual Studio Solution File, Format Version 12.00
# Visual Studio Version 16
VisualStudioVersion = 16.0.29728.190
MinimumVisualStudioVersion = 10.0.40219.1
Project("{FAE04EC0-301F-11D3-BF4B-00C04F79EFBC}") = "GeradorDocumentos", "GeradorDocumentos\GeradorDocumentos.csproj", "{8400313B-3F8E-4B95-84AC-6F041F814752}"
EndProject
Global
	GlobalSection(SolutionConfigurationPlatforms) = preSolution
		Debug|Any CPU = Debug|Any CPU
		Release|Any CPU = Release|Any CPU
	EndGlobalSection
	GlobalSection(ProjectConfigurationPlatforms) = postSolution
		{8400313B-3F8E-4B95-84AC-6F041F814752}.Debug|Any CPU.ActiveCfg = Debug|Any CPU
		{8400313B-3F8E-4B95-84AC-6F041F814752}.Debug|Any CPU.Build.0 = Debug|Any CPU
		{8400313B-3F8E-4B95-84AC-6F041F814752}.Release|Any CPU.ActiveCfg = Release|Any CPU
		{8400313B-3F8E-4B95-84AC-6F041F814752}.Release|Any CPU.Build.0 = Release|Any CPU
	EndGlobalSection
	GlobalSection(SolutionProperties) = preSolution
		HideSolutionNode = FALSE
	EndGlobalSection
	GlobalSection(ExtensibilityGlobals) = postSolution
		SolutionGuid = {6C7C36E7-F870-471E-BFBB-312898D84C16}
	EndGlobalSection
EndGlobal
